// !$*UTF8*$!
{
	archiveVersion = 1;
	classes = {
	};
	objectVersion = 77;
	objects = {

/* Begin PBXContainerItemProxy section */
		2BBFA5CE2D3048D700D75CFC /* PBXContainerItemProxy */ = {
			isa = PBXContainerItemProxy;
			containerPortal = 2BBFA5B32D3048D700D75CFC /* Project object */;
			proxyType = 1;
			remoteGlobalIDString = 2BBFA5BA2D3048D700D75CFC;
			remoteInfo = Amped;
		};
		2BBFA5D82D3048D700D75CFC /* PBXContainerItemProxy */ = {
			isa = PBXContainerItemProxy;
			containerPortal = 2BBFA5B32D3048D700D75CFC /* Project object */;
			proxyType = 1;
			remoteGlobalIDString = 2BBFA5BA2D3048D700D75CFC;
			remoteInfo = Amped;
		};
/* End PBXContainerItemProxy section */

/* Begin PBXFileReference section */
		2BBFA5BB2D3048D700D75CFC /* Amped.app */ = {isa = PBXFileReference; explicitFileType = wrapper.application; includeInIndex = 0; path = Amped.app; sourceTree = BUILT_PRODUCTS_DIR; };
		2BBFA5CD2D3048D700D75CFC /* AmpedTests.xctest */ = {isa = PBXFileReference; explicitFileType = wrapper.cfbundle; includeInIndex = 0; path = AmpedTests.xctest; sourceTree = BUILT_PRODUCTS_DIR; };
		2BBFA5D72D3048D700D75CFC /* AmpedUITests.xctest */ = {isa = PBXFileReference; explicitFileType = wrapper.cfbundle; includeInIndex = 0; path = AmpedUITests.xctest; sourceTree = BUILT_PRODUCTS_DIR; };
/* End PBXFileReference section */

/* Begin PBXFileSystemSynchronizedRootGroup section */
		2BBFA5BD2D3048D700D75CFC /* Amped */ = {
			isa = PBXFileSystemSynchronizedRootGroup;
			path = Amped;
			sourceTree = "<group>";
		};
		2BBFA5D02D3048D700D75CFC /* AmpedTests */ = {
			isa = PBXFileSystemSynchronizedRootGroup;
			path = AmpedTests;
			sourceTree = "<group>";
		};
		2BBFA5DA2D3048D700D75CFC /* AmpedUITests */ = {
			isa = PBXFileSystemSynchronizedRootGroup;
			path = AmpedUITests;
			sourceTree = "<group>";
		};
/* End PBXFileSystemSynchronizedRootGroup section */

/* Begin PBXFrameworksBuildPhase section */
		2BBFA5B82D3048D700D75CFC /* Frameworks */ = {
			isa = PBXFrameworksBuildPhase;
			buildActionMask = 2147483647;
			files = (
			);
			runOnlyForDeploymentPostprocessing = 0;
		};
		2BBFA5CA2D3048D700D75CFC /* Frameworks */ = {
			isa = PBXFrameworksBuildPhase;
			buildActionMask = 2147483647;
			files = (
			);
			runOnlyForDeploymentPostprocessing = 0;
		};
		2BBFA5D42D3048D700D75CFC /* Frameworks */ = {
			isa = PBXFrameworksBuildPhase;
			buildActionMask = 2147483647;
			files = (
			);
			runOnlyForDeploymentPostprocessing = 0;
		};
/* End PBXFrameworksBuildPhase section */

/* Begin PBXGroup section */
		2BBFA5B22D3048D700D75CFC = {
			isa = PBXGroup;
			children = (
				2BBFA5BD2D3048D700D75CFC /* Amped */,
				2BBFA5D02D3048D700D75CFC /* AmpedTests */,
				2BBFA5DA2D3048D700D75CFC /* AmpedUITests */,
				2BBFA5BC2D3048D700D75CFC /* Products */,
			);
			sourceTree = "<group>";
		};
		2BBFA5BC2D3048D700D75CFC /* Products */ = {
			isa = PBXGroup;
			children = (
				2BBFA5BB2D3048D700D75CFC /* Amped.app */,
				2BBFA5CD2D3048D700D75CFC /* AmpedTests.xctest */,
				2BBFA5D72D3048D700D75CFC /* AmpedUITests.xctest */,
			);
			name = Products;
			sourceTree = "<group>";
		};
/* End PBXGroup section */

/* Begin PBXNativeTarget section */
		2BBFA5BA2D3048D700D75CFC /* Amped */ = {
			isa = PBXNativeTarget;
			buildConfigurationList = 2BBFA5E12D3048D700D75CFC /* Build configuration list for PBXNativeTarget "Amped" */;
			buildPhases = (
				2BBFA5B72D3048D700D75CFC /* Sources */,
				2BBFA5B82D3048D700D75CFC /* Frameworks */,
				2BBFA5B92D3048D700D75CFC /* Resources */,
			);
			buildRules = (
			);
			dependencies = (
			);
			fileSystemSynchronizedGroups = (
				2BBFA5BD2D3048D700D75CFC /* Amped */,
			);
			name = Amped;
			packageProductDependencies = (
			);
			productName = Amped;
			productReference = 2BBFA5BB2D3048D700D75CFC /* Amped.app */;
			productType = "com.apple.product-type.application";
		};
		2BBFA5CC2D3048D700D75CFC /* AmpedTests */ = {
			isa = PBXNativeTarget;
			buildConfigurationList = 2BBFA5E42D3048D700D75CFC /* Build configuration list for PBXNativeTarget "AmpedTests" */;
			buildPhases = (
				2BBFA5C92D3048D700D75CFC /* Sources */,
				2BBFA5CA2D3048D700D75CFC /* Frameworks */,
				2BBFA5CB2D3048D700D75CFC /* Resources */,
			);
			buildRules = (
			);
			dependencies = (
				2BBFA5CF2D3048D700D75CFC /* PBXTargetDependency */,
			);
			fileSystemSynchronizedGroups = (
				2BBFA5D02D3048D700D75CFC /* AmpedTests */,
			);
			name = AmpedTests;
			packageProductDependencies = (
			);
			productName = AmpedTests;
			productReference = 2BBFA5CD2D3048D700D75CFC /* AmpedTests.xctest */;
			productType = "com.apple.product-type.bundle.unit-test";
		};
		2BBFA5D62D3048D700D75CFC /* AmpedUITests */ = {
			isa = PBXNativeTarget;
			buildConfigurationList = 2BBFA5E72D3048D700D75CFC /* Build configuration list for PBXNativeTarget "AmpedUITests" */;
			buildPhases = (
				2BBFA5D32D3048D700D75CFC /* Sources */,
				2BBFA5D42D3048D700D75CFC /* Frameworks */,
				2BBFA5D52D3048D700D75CFC /* Resources */,
			);
			buildRules = (
			);
			dependencies = (
				2BBFA5D92D3048D700D75CFC /* PBXTargetDependency */,
			);
			fileSystemSynchronizedGroups = (
				2BBFA5DA2D3048D700D75CFC /* AmpedUITests */,
			);
			name = AmpedUITests;
			packageProductDependencies = (
			);
			productName = AmpedUITests;
			productReference = 2BBFA5D72D3048D700D75CFC /* AmpedUITests.xctest */;
			productType = "com.apple.product-type.bundle.ui-testing";
		};
/* End PBXNativeTarget section */

/* Begin PBXProject section */
		2BBFA5B32D3048D700D75CFC /* Project object */ = {
			isa = PBXProject;
			attributes = {
				BuildIndependentTargetsInParallel = 1;
				LastSwiftUpdateCheck = 1620;
				LastUpgradeCheck = 1620;
				TargetAttributes = {
					2BBFA5BA2D3048D700D75CFC = {
						CreatedOnToolsVersion = 16.2;
					};
					2BBFA5CC2D3048D700D75CFC = {
						CreatedOnToolsVersion = 16.2;
						TestTargetID = 2BBFA5BA2D3048D700D75CFC;
					};
					2BBFA5D62D3048D700D75CFC = {
						CreatedOnToolsVersion = 16.2;
						TestTargetID = 2BBFA5BA2D3048D700D75CFC;
					};
				};
			};
			buildConfigurationList = 2BBFA5B62D3048D700D75CFC /* Build configuration list for PBXProject "Amped" */;
			developmentRegion = en;
			hasScannedForEncodings = 0;
			knownRegions = (
				en,
				Base,
			);
			mainGroup = 2BBFA5B22D3048D700D75CFC;
			minimizedProjectReferenceProxies = 1;
			preferredProjectObjectVersion = 77;
			productRefGroup = 2BBFA5BC2D3048D700D75CFC /* Products */;
			projectDirPath = "";
			projectRoot = "";
			targets = (
				2BBFA5BA2D3048D700D75CFC /* Amped */,
				2BBFA5CC2D3048D700D75CFC /* AmpedTests */,
				2BBFA5D62D3048D700D75CFC /* AmpedUITests */,
			);
		};
/* End PBXProject section */

/* Begin PBXResourcesBuildPhase section */
		2BBFA5B92D3048D700D75CFC /* Resources */ = {
			isa = PBXResourcesBuildPhase;
			buildActionMask = 2147483647;
			files = (
			);
			runOnlyForDeploymentPostprocessing = 0;
		};
		2BBFA5CB2D3048D700D75CFC /* Resources */ = {
			isa = PBXResourcesBuildPhase;
			buildActionMask = 2147483647;
			files = (
			);
			runOnlyForDeploymentPostprocessing = 0;
		};
		2BBFA5D52D3048D700D75CFC /* Resources */ = {
			isa = PBXResourcesBuildPhase;
			buildActionMask = 2147483647;
			files = (
			);
			runOnlyForDeploymentPostprocessing = 0;
		};
/* End PBXResourcesBuildPhase section */

/* Begin PBXSourcesBuildPhase section */
		2BBFA5B72D3048D700D75CFC /* Sources */ = {
			isa = PBXSourcesBuildPhase;
			buildActionMask = 2147483647;
			files = (
			);
			runOnlyForDeploymentPostprocessing = 0;
		};
		2BBFA5C92D3048D700D75CFC /* Sources */ = {
			isa = PBXSourcesBuildPhase;
			buildActionMask = 2147483647;
			files = (
			);
			runOnlyForDeploymentPostprocessing = 0;
		};
		2BBFA5D32D3048D700D75CFC /* Sources */ = {
			isa = PBXSourcesBuildPhase;
			buildActionMask = 2147483647;
			files = (
			);
			runOnlyForDeploymentPostprocessing = 0;
		};
/* End PBXSourcesBuildPhase section */

/* Begin PBXTargetDependency section */
		2BBFA5CF2D3048D700D75CFC /* PBXTargetDependency */ = {
			isa = PBXTargetDependency;
			target = 2BBFA5BA2D3048D700D75CFC /* Amped */;
			targetProxy = 2BBFA5CE2D3048D700D75CFC /* PBXContainerItemProxy */;
		};
		2BBFA5D92D3048D700D75CFC /* PBXTargetDependency */ = {
			isa = PBXTargetDependency;
			target = 2BBFA5BA2D3048D700D75CFC /* Amped */;
			targetProxy = 2BBFA5D82D3048D700D75CFC /* PBXContainerItemProxy */;
		};
/* End PBXTargetDependency section */

/* Begin XCBuildConfiguration section */
		2BBFA5DF2D3048D700D75CFC /* Debug */ = {
			isa = XCBuildConfiguration;
			buildSettings = {
				ALWAYS_SEARCH_USER_PATHS = NO;
				ASSETCATALOG_COMPILER_GENERATE_SWIFT_ASSET_SYMBOL_EXTENSIONS = YES;
				CLANG_ANALYZER_NONNULL = YES;
				CLANG_ANALYZER_NUMBER_OBJECT_CONVERSION = YES_AGGRESSIVE;
				CLANG_CXX_LANGUAGE_STANDARD = "gnu++20";
				CLANG_ENABLE_MODULES = YES;
				CLANG_ENABLE_OBJC_ARC = YES;
				CLANG_ENABLE_OBJC_WEAK = YES;
				CLANG_WARN_BLOCK_CAPTURE_AUTORELEASING = YES;
				CLANG_WARN_BOOL_CONVERSION = YES;
				CLANG_WARN_COMMA = YES;
				CLANG_WARN_CONSTANT_CONVERSION = YES;
				CLANG_WARN_DEPRECATED_OBJC_IMPLEMENTATIONS = YES;
				CLANG_WARN_DIRECT_OBJC_ISA_USAGE = YES_ERROR;
				CLANG_WARN_DOCUMENTATION_COMMENTS = YES;
				CLANG_WARN_EMPTY_BODY = YES;
				CLANG_WARN_ENUM_CONVERSION = YES;
				CLANG_WARN_INFINITE_RECURSION = YES;
				CLANG_WARN_INT_CONVERSION = YES;
				CLANG_WARN_NON_LITERAL_NULL_CONVERSION = YES;
				CLANG_WARN_OBJC_IMPLICIT_RETAIN_SELF = YES;
				CLANG_WARN_OBJC_LITERAL_CONVERSION = YES;
				CLANG_WARN_OBJC_ROOT_CLASS = YES_ERROR;
				CLANG_WARN_QUOTED_INCLUDE_IN_FRAMEWORK_HEADER = YES;
				CLANG_WARN_RANGE_LOOP_ANALYSIS = YES;
				CLANG_WARN_STRICT_PROTOTYPES = YES;
				CLANG_WARN_SUSPICIOUS_MOVE = YES;
				CLANG_WARN_UNGUARDED_AVAILABILITY = YES_AGGRESSIVE;
				CLANG_WARN_UNREACHABLE_CODE = YES;
				CLANG_WARN__DUPLICATE_METHOD_MATCH = YES;
				COPY_PHASE_STRIP = NO;
				DEBUG_INFORMATION_FORMAT = dwarf;
				ENABLE_STRICT_OBJC_MSGSEND = YES;
				ENABLE_TESTABILITY = YES;
				ENABLE_USER_SCRIPT_SANDBOXING = YES;
				GCC_C_LANGUAGE_STANDARD = gnu17;
				GCC_DYNAMIC_NO_PIC = NO;
				GCC_NO_COMMON_BLOCKS = YES;
				GCC_OPTIMIZATION_LEVEL = 0;
				GCC_PREPROCESSOR_DEFINITIONS = (
					"DEBUG=1",
					"$(inherited)",
				);
				GCC_WARN_64_TO_32_BIT_CONVERSION = YES;
				GCC_WARN_ABOUT_RETURN_TYPE = YES_ERROR;
				GCC_WARN_UNDECLARED_SELECTOR = YES;
				GCC_WARN_UNINITIALIZED_AUTOS = YES_AGGRESSIVE;
				GCC_WARN_UNUSED_FUNCTION = YES;
				GCC_WARN_UNUSED_VARIABLE = YES;
				IPHONEOS_DEPLOYMENT_TARGET = 18.2;
				LOCALIZATION_PREFERS_STRING_CATALOGS = YES;
				MTL_ENABLE_DEBUG_INFO = INCLUDE_SOURCE;
				MTL_FAST_MATH = YES;
				ONLY_ACTIVE_ARCH = YES;
				SDKROOT = iphoneos;
				SWIFT_ACTIVE_COMPILATION_CONDITIONS = "DEBUG $(inherited)";
				SWIFT_OPTIMIZATION_LEVEL = "-Onone";
			};
			name = Debug;
		};
		2BBFA5E02D3048D700D75CFC /* Release */ = {
			isa = XCBuildConfiguration;
			buildSettings = {
				ALWAYS_SEARCH_USER_PATHS = NO;
				ASSETCATALOG_COMPILER_GENERATE_SWIFT_ASSET_SYMBOL_EXTENSIONS = YES;
				CLANG_ANALYZER_NONNULL = YES;
				CLANG_ANALYZER_NUMBER_OBJECT_CONVERSION = YES_AGGRESSIVE;
				CLANG_CXX_LANGUAGE_STANDARD = "gnu++20";
				CLANG_ENABLE_MODULES = YES;
				CLANG_ENABLE_OBJC_ARC = YES;
				CLANG_ENABLE_OBJC_WEAK = YES;
				CLANG_WARN_BLOCK_CAPTURE_AUTORELEASING = YES;
				CLANG_WARN_BOOL_CONVERSION = YES;
				CLANG_WARN_COMMA = YES;
				CLANG_WARN_CONSTANT_CONVERSION = YES;
				CLANG_WARN_DEPRECATED_OBJC_IMPLEMENTATIONS = YES;
				CLANG_WARN_DIRECT_OBJC_ISA_USAGE = YES_ERROR;
				CLANG_WARN_DOCUMENTATION_COMMENTS = YES;
				CLANG_WARN_EMPTY_BODY = YES;
				CLANG_WARN_ENUM_CONVERSION = YES;
				CLANG_WARN_INFINITE_RECURSION = YES;
				CLANG_WARN_INT_CONVERSION = YES;
				CLANG_WARN_NON_LITERAL_NULL_CONVERSION = YES;
				CLANG_WARN_OBJC_IMPLICIT_RETAIN_SELF = YES;
				CLANG_WARN_OBJC_LITERAL_CONVERSION = YES;
				CLANG_WARN_OBJC_ROOT_CLASS = YES_ERROR;
				CLANG_WARN_QUOTED_INCLUDE_IN_FRAMEWORK_HEADER = YES;
				CLANG_WARN_RANGE_LOOP_ANALYSIS = YES;
				CLANG_WARN_STRICT_PROTOTYPES = YES;
				CLANG_WARN_SUSPICIOUS_MOVE = YES;
				CLANG_WARN_UNGUARDED_AVAILABILITY = YES_AGGRESSIVE;
				CLANG_WARN_UNREACHABLE_CODE = YES;
				CLANG_WARN__DUPLICATE_METHOD_MATCH = YES;
				COPY_PHASE_STRIP = NO;
				DEBUG_INFORMATION_FORMAT = "dwarf-with-dsym";
				ENABLE_NS_ASSERTIONS = NO;
				ENABLE_STRICT_OBJC_MSGSEND = YES;
				ENABLE_USER_SCRIPT_SANDBOXING = YES;
				GCC_C_LANGUAGE_STANDARD = gnu17;
				GCC_NO_COMMON_BLOCKS = YES;
				GCC_WARN_64_TO_32_BIT_CONVERSION = YES;
				GCC_WARN_ABOUT_RETURN_TYPE = YES_ERROR;
				GCC_WARN_UNDECLARED_SELECTOR = YES;
				GCC_WARN_UNINITIALIZED_AUTOS = YES_AGGRESSIVE;
				GCC_WARN_UNUSED_FUNCTION = YES;
				GCC_WARN_UNUSED_VARIABLE = YES;
				IPHONEOS_DEPLOYMENT_TARGET = 18.2;
				LOCALIZATION_PREFERS_STRING_CATALOGS = YES;
				MTL_ENABLE_DEBUG_INFO = NO;
				MTL_FAST_MATH = YES;
				SDKROOT = iphoneos;
				SWIFT_COMPILATION_MODE = wholemodule;
				VALIDATE_PRODUCT = YES;
			};
			name = Release;
		};
		2BBFA5E22D3048D700D75CFC /* Debug */ = {
			isa = XCBuildConfiguration;
			buildSettings = {
				ASSETCATALOG_COMPILER_APPICON_NAME = AppIcon;
				ASSETCATALOG_COMPILER_GLOBAL_ACCENT_COLOR_NAME = AccentColor;
				CODE_SIGN_STYLE = Automatic;
				CURRENT_PROJECT_VERSION = 1;
				DEVELOPMENT_ASSET_PATHS = "\"Amped/Preview Content\"";
				DEVELOPMENT_TEAM = S6TVQ5B948;
				ENABLE_PREVIEWS = YES;
				GENERATE_INFOPLIST_FILE = YES;
				INFOPLIST_KEY_UIApplicationSceneManifest_Generation = YES;
				INFOPLIST_KEY_UIApplicationSupportsIndirectInputEvents = YES;
				INFOPLIST_KEY_UILaunchScreen_Generation = YES;
				INFOPLIST_KEY_UISupportedInterfaceOrientations_iPad = "UIInterfaceOrientationPortrait UIInterfaceOrientationPortraitUpsideDown UIInterfaceOrientationLandscapeLeft UIInterfaceOrientationLandscapeRight";
				INFOPLIST_KEY_UISupportedInterfaceOrientations_iPhone = "UIInterfaceOrientationPortrait UIInterfaceOrientationLandscapeLeft UIInterfaceOrientationLandscapeRight";
				LD_RUNPATH_SEARCH_PATHS = (
					"$(inherited)",
					"@executable_path/Frameworks",
				);
				MARKETING_VERSION = 1.0;
				PRODUCT_BUNDLE_IDENTIFIER = com.BrennanHumphrey.Amped;
				PRODUCT_NAME = "$(TARGET_NAME)";
				SWIFT_EMIT_LOC_STRINGS = YES;
				SWIFT_VERSION = 5.0;
				TARGETED_DEVICE_FAMILY = "1,2";
			};
			name = Debug;
		};
		2BBFA5E32D3048D700D75CFC /* Release */ = {
			isa = XCBuildConfiguration;
			buildSettings = {
				ASSETCATALOG_COMPILER_APPICON_NAME = AppIcon;
				ASSETCATALOG_COMPILER_GLOBAL_ACCENT_COLOR_NAME = AccentColor;
				CODE_SIGN_STYLE = Automatic;
				CURRENT_PROJECT_VERSION = 1;
				DEVELOPMENT_ASSET_PATHS = "\"Amped/Preview Content\"";
				DEVELOPMENT_TEAM = S6TVQ5B948;
				ENABLE_PREVIEWS = YES;
				GENERATE_INFOPLIST_FILE = YES;
				INFOPLIST_KEY_UIApplicationSceneManifest_Generation = YES;
				INFOPLIST_KEY_UIApplicationSupportsIndirectInputEvents = YES;
				INFOPLIST_KEY_UILaunchScreen_Generation = YES;
				INFOPLIST_KEY_UISupportedInterfaceOrientations_iPad = "UIInterfaceOrientationPortrait UIInterfaceOrientationPortraitUpsideDown UIInterfaceOrientationLandscapeLeft UIInterfaceOrientationLandscapeRight";
				INFOPLIST_KEY_UISupportedInterfaceOrientations_iPhone = "UIInterfaceOrientationPortrait UIInterfaceOrientationLandscapeLeft UIInterfaceOrientationLandscapeRight";
				LD_RUNPATH_SEARCH_PATHS = (
					"$(inherited)",
					"@executable_path/Frameworks",
				);
				MARKETING_VERSION = 1.0;
				PRODUCT_BUNDLE_IDENTIFIER = com.BrennanHumphrey.Amped;
				PRODUCT_NAME = "$(TARGET_NAME)";
				SWIFT_EMIT_LOC_STRINGS = YES;
				SWIFT_VERSION = 5.0;
				TARGETED_DEVICE_FAMILY = "1,2";
			};
			name = Release;
		};
		2BBFA5E52D3048D700D75CFC /* Debug */ = {
			isa = XCBuildConfiguration;
			buildSettings = {
				BUNDLE_LOADER = "$(TEST_HOST)";
				CODE_SIGN_STYLE = Automatic;
				CURRENT_PROJECT_VERSION = 1;
				DEVELOPMENT_TEAM = S6TVQ5B948;
				GENERATE_INFOPLIST_FILE = YES;
				IPHONEOS_DEPLOYMENT_TARGET = 18.2;
				MARKETING_VERSION = 1.0;
				PRODUCT_BUNDLE_IDENTIFIER = com.BrennanHumphrey.AmpedTests;
				PRODUCT_NAME = "$(TARGET_NAME)";
				SWIFT_EMIT_LOC_STRINGS = NO;
				SWIFT_VERSION = 5.0;
				TARGETED_DEVICE_FAMILY = "1,2";
				TEST_HOST = "$(BUILT_PRODUCTS_DIR)/Amped.app/$(BUNDLE_EXECUTABLE_FOLDER_PATH)/Amped";
			};
			name = Debug;
		};
		2BBFA5E62D3048D700D75CFC /* Release */ = {
			isa = XCBuildConfiguration;
			buildSettings = {
				BUNDLE_LOADER = "$(TEST_HOST)";
				CODE_SIGN_STYLE = Automatic;
				CURRENT_PROJECT_VERSION = 1;
				DEVELOPMENT_TEAM = S6TVQ5B948;
				GENERATE_INFOPLIST_FILE = YES;
				IPHONEOS_DEPLOYMENT_TARGET = 18.2;
				MARKETING_VERSION = 1.0;
				PRODUCT_BUNDLE_IDENTIFIER = com.BrennanHumphrey.AmpedTests;
				PRODUCT_NAME = "$(TARGET_NAME)";
				SWIFT_EMIT_LOC_STRINGS = NO;
				SWIFT_VERSION = 5.0;
				TARGETED_DEVICE_FAMILY = "1,2";
				TEST_HOST = "$(BUILT_PRODUCTS_DIR)/Amped.app/$(BUNDLE_EXECUTABLE_FOLDER_PATH)/Amped";
			};
			name = Release;
		};
		2BBFA5E82D3048D700D75CFC /* Debug */ = {
			isa = XCBuildConfiguration;
			buildSettings = {
				CODE_SIGN_STYLE = Automatic;
				CURRENT_PROJECT_VERSION = 1;
				DEVELOPMENT_TEAM = S6TVQ5B948;
				GENERATE_INFOPLIST_FILE = YES;
				MARKETING_VERSION = 1.0;
				PRODUCT_BUNDLE_IDENTIFIER = com.BrennanHumphrey.AmpedUITests;
				PRODUCT_NAME = "$(TARGET_NAME)";
				SWIFT_EMIT_LOC_STRINGS = NO;
				SWIFT_VERSION = 5.0;
				TARGETED_DEVICE_FAMILY = "1,2";
				TEST_TARGET_NAME = Amped;
			};
			name = Debug;
		};
		2BBFA5E92D3048D700D75CFC /* Release */ = {
			isa = XCBuildConfiguration;
			buildSettings = {
				CODE_SIGN_STYLE = Automatic;
				CURRENT_PROJECT_VERSION = 1;
				DEVELOPMENT_TEAM = S6TVQ5B948;
				GENERATE_INFOPLIST_FILE = YES;
				MARKETING_VERSION = 1.0;
				PRODUCT_BUNDLE_IDENTIFIER = com.BrennanHumphrey.AmpedUITests;
				PRODUCT_NAME = "$(TARGET_NAME)";
				SWIFT_EMIT_LOC_STRINGS = NO;
				SWIFT_VERSION = 5.0;
				TARGETED_DEVICE_FAMILY = "1,2";
				TEST_TARGET_NAME = Amped;
			};
			name = Release;
		};
/* End XCBuildConfiguration section */

/* Begin XCConfigurationList section */
		2BBFA5B62D3048D700D75CFC /* Build configuration list for PBXProject "Amped" */ = {
			isa = XCConfigurationList;
			buildConfigurations = (
				2BBFA5DF2D3048D700D75CFC /* Debug */,
				2BBFA5E02D3048D700D75CFC /* Release */,
			);
			defaultConfigurationIsVisible = 0;
			defaultConfigurationName = Release;
		};
		2BBFA5E12D3048D700D75CFC /* Build configuration list for PBXNativeTarget "Amped" */ = {
			isa = XCConfigurationList;
			buildConfigurations = (
				2BBFA5E22D3048D700D75CFC /* Debug */,
				2BBFA5E32D3048D700D75CFC /* Release */,
			);
			defaultConfigurationIsVisible = 0;
			defaultConfigurationName = Release;
		};
		2BBFA5E42D3048D700D75CFC /* Build configuration list for PBXNativeTarget "AmpedTests" */ = {
			isa = XCConfigurationList;
			buildConfigurations = (
				2BBFA5E52D3048D700D75CFC /* Debug */,
				2BBFA5E62D3048D700D75CFC /* Release */,
			);
			defaultConfigurationIsVisible = 0;
			defaultConfigurationName = Release;
		};
		2BBFA5E72D3048D700D75CFC /* Build configuration list for PBXNativeTarget "AmpedUITests" */ = {
			isa = XCConfigurationList;
			buildConfigurations = (
				2BBFA5E82D3048D700D75CFC /* Debug */,
				2BBFA5E92D3048D700D75CFC /* Release */,
			);
			defaultConfigurationIsVisible = 0;
			defaultConfigurationName = Release;
		};
/* End XCConfigurationList section */
	};
	rootObject = 2BBFA5B32D3048D700D75CFC /* Project object */;
}
